// !$*UTF8*$!
{
	archiveVersion = 1;
	classes = {
	};
	objectVersion = 56;
	objects = {

/* Begin PBXBuildFile section */
		3B09C7522B03F32E000BADFF /* Position.swift in Sources */ = {isa = PBXBuildFile; fileRef = 3B09C7512B03F32E000BADFF /* Position.swift */; };
		3B09C7552B052FF2000BADFF /* ArrayExtension.swift in Sources */ = {isa = PBXBuildFile; fileRef = 3B09C7542B052FF2000BADFF /* ArrayExtension.swift */; };
		3B8D51A82B190131005B8FC9 /* FirstViewController.swift in Sources */ = {isa = PBXBuildFile; fileRef = 3B8D51A72B190131005B8FC9 /* FirstViewController.swift */; };
		3BBC16902B247AD20045C8DE /* TimeSetting.swift in Sources */ = {isa = PBXBuildFile; fileRef = 3BBC168F2B247AD10045C8DE /* TimeSetting.swift */; };
		3BF9B4382A504BFD00637AAB /* AppDelegate.swift in Sources */ = {isa = PBXBuildFile; fileRef = 3BF9B4372A504BFD00637AAB /* AppDelegate.swift */; };
		3BF9B43A2A504BFD00637AAB /* SceneDelegate.swift in Sources */ = {isa = PBXBuildFile; fileRef = 3BF9B4392A504BFD00637AAB /* SceneDelegate.swift */; };
		3BF9B43C2A504BFD00637AAB /* FieldViewController.swift in Sources */ = {isa = PBXBuildFile; fileRef = 3BF9B43B2A504BFD00637AAB /* FieldViewController.swift */; };
		3BF9B43F2A504BFD00637AAB /* Main.storyboard in Resources */ = {isa = PBXBuildFile; fileRef = 3BF9B43D2A504BFD00637AAB /* Main.storyboard */; };
		3BF9B4412A504C0000637AAB /* Assets.xcassets in Resources */ = {isa = PBXBuildFile; fileRef = 3BF9B4402A504C0000637AAB /* Assets.xcassets */; };
		3BF9B4442A504C0000637AAB /* LaunchScreen.storyboard in Resources */ = {isa = PBXBuildFile; fileRef = 3BF9B4422A504C0000637AAB /* LaunchScreen.storyboard */; };
		3BF9B44F2A504C0000637AAB /* OthelloTests.swift in Sources */ = {isa = PBXBuildFile; fileRef = 3BF9B44E2A504C0000637AAB /* OthelloTests.swift */; };
		3BF9B4592A504C0000637AAB /* OthelloUITests.swift in Sources */ = {isa = PBXBuildFile; fileRef = 3BF9B4582A504C0000637AAB /* OthelloUITests.swift */; };
		3BF9B45B2A504C0000637AAB /* OthelloUITestsLaunchTests.swift in Sources */ = {isa = PBXBuildFile; fileRef = 3BF9B45A2A504C0000637AAB /* OthelloUITestsLaunchTests.swift */; };
		3BF9B46A2A5064F700637AAB /* FieldCell.swift in Sources */ = {isa = PBXBuildFile; fileRef = 3BF9B4692A5064F700637AAB /* FieldCell.swift */; };
		3BF9B46C2A50655400637AAB /* FieldCell.xib in Resources */ = {isa = PBXBuildFile; fileRef = 3BF9B46B2A50655400637AAB /* FieldCell.xib */; };
		3BF9B46E2A50688800637AAB /* FieldStatus.swift in Sources */ = {isa = PBXBuildFile; fileRef = 3BF9B46D2A50688800637AAB /* FieldStatus.swift */; };
		92CE6BD96593DCC1344C9772 /* Pods_Othello_OthelloUITests.framework in Frameworks */ = {isa = PBXBuildFile; fileRef = 896EB148DCAE4E97C3C6535A /* Pods_Othello_OthelloUITests.framework */; };
		A4224D78D3337A4A90335EA5 /* Pods_Othello.framework in Frameworks */ = {isa = PBXBuildFile; fileRef = 0BDF8DB4DF44FE367C716D81 /* Pods_Othello.framework */; };
		DBA48D31C84B352CBD76A6E8 /* Pods_OthelloTests.framework in Frameworks */ = {isa = PBXBuildFile; fileRef = 9EEAD3C48928C97F87BAF451 /* Pods_OthelloTests.framework */; };
/* End PBXBuildFile section */

/* Begin PBXContainerItemProxy section */
		3BF9B44B2A504C0000637AAB /* PBXContainerItemProxy */ = {
			isa = PBXContainerItemProxy;
			containerPortal = 3BF9B42C2A504BFD00637AAB /* Project object */;
			proxyType = 1;
			remoteGlobalIDString = 3BF9B4332A504BFD00637AAB;
			remoteInfo = Othello;
		};
		3BF9B4552A504C0000637AAB /* PBXContainerItemProxy */ = {
			isa = PBXContainerItemProxy;
			containerPortal = 3BF9B42C2A504BFD00637AAB /* Project object */;
			proxyType = 1;
			remoteGlobalIDString = 3BF9B4332A504BFD00637AAB;
			remoteInfo = Othello;
		};
/* End PBXContainerItemProxy section */

/* Begin PBXFileReference section */
		0BDF8DB4DF44FE367C716D81 /* Pods_Othello.framework */ = {isa = PBXFileReference; explicitFileType = wrapper.framework; includeInIndex = 0; path = Pods_Othello.framework; sourceTree = BUILT_PRODUCTS_DIR; };
		12726BC416E9EABDC3DEF0FE /* Pods-Othello.debug.xcconfig */ = {isa = PBXFileReference; includeInIndex = 1; lastKnownFileType = text.xcconfig; name = "Pods-Othello.debug.xcconfig"; path = "Target Support Files/Pods-Othello/Pods-Othello.debug.xcconfig"; sourceTree = "<group>"; };
		3B09C7512B03F32E000BADFF /* Position.swift */ = {isa = PBXFileReference; lastKnownFileType = sourcecode.swift; path = Position.swift; sourceTree = "<group>"; };
		3B09C7542B052FF2000BADFF /* ArrayExtension.swift */ = {isa = PBXFileReference; lastKnownFileType = sourcecode.swift; path = ArrayExtension.swift; sourceTree = "<group>"; };
		3B8D51A72B190131005B8FC9 /* FirstViewController.swift */ = {isa = PBXFileReference; lastKnownFileType = sourcecode.swift; path = FirstViewController.swift; sourceTree = "<group>"; };
		3BBC168F2B247AD10045C8DE /* TimeSetting.swift */ = {isa = PBXFileReference; lastKnownFileType = sourcecode.swift; path = TimeSetting.swift; sourceTree = "<group>"; };
		3BF9B4342A504BFD00637AAB /* Othello.app */ = {isa = PBXFileReference; explicitFileType = wrapper.application; includeInIndex = 0; path = Othello.app; sourceTree = BUILT_PRODUCTS_DIR; };
		3BF9B4372A504BFD00637AAB /* AppDelegate.swift */ = {isa = PBXFileReference; lastKnownFileType = sourcecode.swift; path = AppDelegate.swift; sourceTree = "<group>"; };
		3BF9B4392A504BFD00637AAB /* SceneDelegate.swift */ = {isa = PBXFileReference; lastKnownFileType = sourcecode.swift; path = SceneDelegate.swift; sourceTree = "<group>"; };
		3BF9B43B2A504BFD00637AAB /* FieldViewController.swift */ = {isa = PBXFileReference; lastKnownFileType = sourcecode.swift; path = FieldViewController.swift; sourceTree = "<group>"; };
		3BF9B43E2A504BFD00637AAB /* Base */ = {isa = PBXFileReference; lastKnownFileType = file.storyboard; name = Base; path = Base.lproj/Main.storyboard; sourceTree = "<group>"; };
		3BF9B4402A504C0000637AAB /* Assets.xcassets */ = {isa = PBXFileReference; lastKnownFileType = folder.assetcatalog; path = Assets.xcassets; sourceTree = "<group>"; };
		3BF9B4432A504C0000637AAB /* Base */ = {isa = PBXFileReference; lastKnownFileType = file.storyboard; name = Base; path = Base.lproj/LaunchScreen.storyboard; sourceTree = "<group>"; };
		3BF9B4452A504C0000637AAB /* Info.plist */ = {isa = PBXFileReference; lastKnownFileType = text.plist.xml; path = Info.plist; sourceTree = "<group>"; };
		3BF9B44A2A504C0000637AAB /* OthelloTests.xctest */ = {isa = PBXFileReference; explicitFileType = wrapper.cfbundle; includeInIndex = 0; path = OthelloTests.xctest; sourceTree = BUILT_PRODUCTS_DIR; };
		3BF9B44E2A504C0000637AAB /* OthelloTests.swift */ = {isa = PBXFileReference; lastKnownFileType = sourcecode.swift; path = OthelloTests.swift; sourceTree = "<group>"; };
		3BF9B4542A504C0000637AAB /* OthelloUITests.xctest */ = {isa = PBXFileReference; explicitFileType = wrapper.cfbundle; includeInIndex = 0; path = OthelloUITests.xctest; sourceTree = BUILT_PRODUCTS_DIR; };
		3BF9B4582A504C0000637AAB /* OthelloUITests.swift */ = {isa = PBXFileReference; lastKnownFileType = sourcecode.swift; path = OthelloUITests.swift; sourceTree = "<group>"; };
		3BF9B45A2A504C0000637AAB /* OthelloUITestsLaunchTests.swift */ = {isa = PBXFileReference; lastKnownFileType = sourcecode.swift; path = OthelloUITestsLaunchTests.swift; sourceTree = "<group>"; };
		3BF9B4692A5064F700637AAB /* FieldCell.swift */ = {isa = PBXFileReference; lastKnownFileType = sourcecode.swift; path = FieldCell.swift; sourceTree = "<group>"; };
		3BF9B46B2A50655400637AAB /* FieldCell.xib */ = {isa = PBXFileReference; lastKnownFileType = file.xib; path = FieldCell.xib; sourceTree = "<group>"; };
		3BF9B46D2A50688800637AAB /* FieldStatus.swift */ = {isa = PBXFileReference; lastKnownFileType = sourcecode.swift; path = FieldStatus.swift; sourceTree = "<group>"; };
		482BAEA8B623D7DBAEE332C8 /* Pods-OthelloTests.release.xcconfig */ = {isa = PBXFileReference; includeInIndex = 1; lastKnownFileType = text.xcconfig; name = "Pods-OthelloTests.release.xcconfig"; path = "Target Support Files/Pods-OthelloTests/Pods-OthelloTests.release.xcconfig"; sourceTree = "<group>"; };
		49BF8AAD6CB6A29EBBA92106 /* Pods-Othello-OthelloUITests.release.xcconfig */ = {isa = PBXFileReference; includeInIndex = 1; lastKnownFileType = text.xcconfig; name = "Pods-Othello-OthelloUITests.release.xcconfig"; path = "Target Support Files/Pods-Othello-OthelloUITests/Pods-Othello-OthelloUITests.release.xcconfig"; sourceTree = "<group>"; };
		5103CA59988CC67E225FE55C /* Pods-Othello.release.xcconfig */ = {isa = PBXFileReference; includeInIndex = 1; lastKnownFileType = text.xcconfig; name = "Pods-Othello.release.xcconfig"; path = "Target Support Files/Pods-Othello/Pods-Othello.release.xcconfig"; sourceTree = "<group>"; };
		6DD979341654F61C9145EE26 /* Pods-Othello-OthelloUITests.debug.xcconfig */ = {isa = PBXFileReference; includeInIndex = 1; lastKnownFileType = text.xcconfig; name = "Pods-Othello-OthelloUITests.debug.xcconfig"; path = "Target Support Files/Pods-Othello-OthelloUITests/Pods-Othello-OthelloUITests.debug.xcconfig"; sourceTree = "<group>"; };
		896EB148DCAE4E97C3C6535A /* Pods_Othello_OthelloUITests.framework */ = {isa = PBXFileReference; explicitFileType = wrapper.framework; includeInIndex = 0; path = Pods_Othello_OthelloUITests.framework; sourceTree = BUILT_PRODUCTS_DIR; };
		9EEAD3C48928C97F87BAF451 /* Pods_OthelloTests.framework */ = {isa = PBXFileReference; explicitFileType = wrapper.framework; includeInIndex = 0; path = Pods_OthelloTests.framework; sourceTree = BUILT_PRODUCTS_DIR; };
		C98729C84D3C76FCA5073382 /* Pods-OthelloTests.debug.xcconfig */ = {isa = PBXFileReference; includeInIndex = 1; lastKnownFileType = text.xcconfig; name = "Pods-OthelloTests.debug.xcconfig"; path = "Target Support Files/Pods-OthelloTests/Pods-OthelloTests.debug.xcconfig"; sourceTree = "<group>"; };
/* End PBXFileReference section */

/* Begin PBXFrameworksBuildPhase section */
		3BF9B4312A504BFD00637AAB /* Frameworks */ = {
			isa = PBXFrameworksBuildPhase;
			buildActionMask = 2147483647;
			files = (
				A4224D78D3337A4A90335EA5 /* Pods_Othello.framework in Frameworks */,
			);
			runOnlyForDeploymentPostprocessing = 0;
		};
		3BF9B4472A504C0000637AAB /* Frameworks */ = {
			isa = PBXFrameworksBuildPhase;
			buildActionMask = 2147483647;
			files = (
				DBA48D31C84B352CBD76A6E8 /* Pods_OthelloTests.framework in Frameworks */,
			);
			runOnlyForDeploymentPostprocessing = 0;
		};
		3BF9B4512A504C0000637AAB /* Frameworks */ = {
			isa = PBXFrameworksBuildPhase;
			buildActionMask = 2147483647;
			files = (
				92CE6BD96593DCC1344C9772 /* Pods_Othello_OthelloUITests.framework in Frameworks */,
			);
			runOnlyForDeploymentPostprocessing = 0;
		};
/* End PBXFrameworksBuildPhase section */

/* Begin PBXGroup section */
		2DDFD2F301D30E546B7D107C /* Pods */ = {
			isa = PBXGroup;
			children = (
				12726BC416E9EABDC3DEF0FE /* Pods-Othello.debug.xcconfig */,
				5103CA59988CC67E225FE55C /* Pods-Othello.release.xcconfig */,
				6DD979341654F61C9145EE26 /* Pods-Othello-OthelloUITests.debug.xcconfig */,
				49BF8AAD6CB6A29EBBA92106 /* Pods-Othello-OthelloUITests.release.xcconfig */,
				C98729C84D3C76FCA5073382 /* Pods-OthelloTests.debug.xcconfig */,
				482BAEA8B623D7DBAEE332C8 /* Pods-OthelloTests.release.xcconfig */,
			);
			name = Pods;
			path = Pods;
			sourceTree = "<group>";
		};
		3B09C7502B03F2F4000BADFF /* Entity */ = {
			isa = PBXGroup;
			children = (
				3B09C7512B03F32E000BADFF /* Position.swift */,
				3BBC168F2B247AD10045C8DE /* TimeSetting.swift */,
			);
			path = Entity;
			sourceTree = "<group>";
		};
		3B09C7532B052FD6000BADFF /* Util */ = {
			isa = PBXGroup;
			children = (
				3B09C7542B052FF2000BADFF /* ArrayExtension.swift */,
			);
			path = Util;
			sourceTree = "<group>";
		};
		3B8D51A42B1900E4005B8FC9 /* FirstViewController */ = {
			isa = PBXGroup;
			children = (
				3B8D51A72B190131005B8FC9 /* FirstViewController.swift */,
			);
			path = FirstViewController;
			sourceTree = "<group>";
		};
		3BF9B42B2A504BFD00637AAB = {
			isa = PBXGroup;
			children = (
				3BF9B4362A504BFD00637AAB /* Othello */,
				3BF9B44D2A504C0000637AAB /* OthelloTests */,
				3BF9B4572A504C0000637AAB /* OthelloUITests */,
				3BF9B4352A504BFD00637AAB /* Products */,
				2DDFD2F301D30E546B7D107C /* Pods */,
				C8B7F3D6DC28C317BB273F5C /* Frameworks */,
			);
			sourceTree = "<group>";
		};
		3BF9B4352A504BFD00637AAB /* Products */ = {
			isa = PBXGroup;
			children = (
				3BF9B4342A504BFD00637AAB /* Othello.app */,
				3BF9B44A2A504C0000637AAB /* OthelloTests.xctest */,
				3BF9B4542A504C0000637AAB /* OthelloUITests.xctest */,
			);
			name = Products;
			sourceTree = "<group>";
		};
		3BF9B4362A504BFD00637AAB /* Othello */ = {
			isa = PBXGroup;
			children = (
				3B09C7532B052FD6000BADFF /* Util */,
				3B09C7502B03F2F4000BADFF /* Entity */,
				3BF9B4682A5064D800637AAB /* View */,
				3BF9B4672A50649200637AAB /* FieldViewController */,
				3B8D51A42B1900E4005B8FC9 /* FirstViewController */,
				3BF9B4372A504BFD00637AAB /* AppDelegate.swift */,
				3BF9B4392A504BFD00637AAB /* SceneDelegate.swift */,
				3BF9B4402A504C0000637AAB /* Assets.xcassets */,
				3BF9B4422A504C0000637AAB /* LaunchScreen.storyboard */,
				3BF9B4452A504C0000637AAB /* Info.plist */,
			);
			path = Othello;
			sourceTree = "<group>";
		};
		3BF9B44D2A504C0000637AAB /* OthelloTests */ = {
			isa = PBXGroup;
			children = (
				3BF9B44E2A504C0000637AAB /* OthelloTests.swift */,
			);
			path = OthelloTests;
			sourceTree = "<group>";
		};
		3BF9B4572A504C0000637AAB /* OthelloUITests */ = {
			isa = PBXGroup;
			children = (
				3BF9B4582A504C0000637AAB /* OthelloUITests.swift */,
				3BF9B45A2A504C0000637AAB /* OthelloUITestsLaunchTests.swift */,
			);
			path = OthelloUITests;
			sourceTree = "<group>";
		};
		3BF9B4672A50649200637AAB /* FieldViewController */ = {
			isa = PBXGroup;
			children = (
				3BF9B43B2A504BFD00637AAB /* FieldViewController.swift */,
				3BF9B43D2A504BFD00637AAB /* Main.storyboard */,
			);
			path = FieldViewController;
			sourceTree = "<group>";
		};
		3BF9B4682A5064D800637AAB /* View */ = {
			isa = PBXGroup;
			children = (
				3BF9B4692A5064F700637AAB /* FieldCell.swift */,
				3BF9B46B2A50655400637AAB /* FieldCell.xib */,
				3BF9B46D2A50688800637AAB /* FieldStatus.swift */,
			);
			path = View;
			sourceTree = "<group>";
		};
		C8B7F3D6DC28C317BB273F5C /* Frameworks */ = {
			isa = PBXGroup;
			children = (
				0BDF8DB4DF44FE367C716D81 /* Pods_Othello.framework */,
				896EB148DCAE4E97C3C6535A /* Pods_Othello_OthelloUITests.framework */,
				9EEAD3C48928C97F87BAF451 /* Pods_OthelloTests.framework */,
			);
			name = Frameworks;
			sourceTree = "<group>";
		};
/* End PBXGroup section */

/* Begin PBXNativeTarget section */
		3BF9B4332A504BFD00637AAB /* Othello */ = {
			isa = PBXNativeTarget;
			buildConfigurationList = 3BF9B45E2A504C0000637AAB /* Build configuration list for PBXNativeTarget "Othello" */;
			buildPhases = (
				B0364D83D27D81BD1AC572A2 /* [CP] Check Pods Manifest.lock */,
				3BF9B4302A504BFD00637AAB /* Sources */,
				3BF9B4312A504BFD00637AAB /* Frameworks */,
				3BF9B4322A504BFD00637AAB /* Resources */,
				CD94E6FE265E37E75ACB6252 /* [CP] Embed Pods Frameworks */,
			);
			buildRules = (
			);
			dependencies = (
			);
			name = Othello;
			productName = Othello;
			productReference = 3BF9B4342A504BFD00637AAB /* Othello.app */;
			productType = "com.apple.product-type.application";
		};
		3BF9B4492A504C0000637AAB /* OthelloTests */ = {
			isa = PBXNativeTarget;
			buildConfigurationList = 3BF9B4612A504C0000637AAB /* Build configuration list for PBXNativeTarget "OthelloTests" */;
			buildPhases = (
				F09D8AF0FF8DBCD19B807ED3 /* [CP] Check Pods Manifest.lock */,
				3BF9B4462A504C0000637AAB /* Sources */,
				3BF9B4472A504C0000637AAB /* Frameworks */,
				3BF9B4482A504C0000637AAB /* Resources */,
			);
			buildRules = (
			);
			dependencies = (
				3BF9B44C2A504C0000637AAB /* PBXTargetDependency */,
			);
			name = OthelloTests;
			productName = OthelloTests;
			productReference = 3BF9B44A2A504C0000637AAB /* OthelloTests.xctest */;
			productType = "com.apple.product-type.bundle.unit-test";
		};
		3BF9B4532A504C0000637AAB /* OthelloUITests */ = {
			isa = PBXNativeTarget;
			buildConfigurationList = 3BF9B4642A504C0000637AAB /* Build configuration list for PBXNativeTarget "OthelloUITests" */;
			buildPhases = (
				734458110B3379B688FDDCE4 /* [CP] Check Pods Manifest.lock */,
				3BF9B4502A504C0000637AAB /* Sources */,
				3BF9B4512A504C0000637AAB /* Frameworks */,
				3BF9B4522A504C0000637AAB /* Resources */,
				C73E97283D0BAFC59248B7AF /* [CP] Embed Pods Frameworks */,
			);
			buildRules = (
			);
			dependencies = (
				3BF9B4562A504C0000637AAB /* PBXTargetDependency */,
			);
			name = OthelloUITests;
			productName = OthelloUITests;
			productReference = 3BF9B4542A504C0000637AAB /* OthelloUITests.xctest */;
			productType = "com.apple.product-type.bundle.ui-testing";
		};
/* End PBXNativeTarget section */

/* Begin PBXProject section */
		3BF9B42C2A504BFD00637AAB /* Project object */ = {
			isa = PBXProject;
			attributes = {
				BuildIndependentTargetsInParallel = 1;
				LastSwiftUpdateCheck = 1420;
				LastUpgradeCheck = 1420;
				TargetAttributes = {
					3BF9B4332A504BFD00637AAB = {
						CreatedOnToolsVersion = 14.2;
					};
					3BF9B4492A504C0000637AAB = {
						CreatedOnToolsVersion = 14.2;
						TestTargetID = 3BF9B4332A504BFD00637AAB;
					};
					3BF9B4532A504C0000637AAB = {
						CreatedOnToolsVersion = 14.2;
						TestTargetID = 3BF9B4332A504BFD00637AAB;
					};
				};
			};
			buildConfigurationList = 3BF9B42F2A504BFD00637AAB /* Build configuration list for PBXProject "Othello" */;
			compatibilityVersion = "Xcode 14.0";
			developmentRegion = en;
			hasScannedForEncodings = 0;
			knownRegions = (
				en,
				Base,
			);
			mainGroup = 3BF9B42B2A504BFD00637AAB;
			productRefGroup = 3BF9B4352A504BFD00637AAB /* Products */;
			projectDirPath = "";
			projectRoot = "";
			targets = (
				3BF9B4332A504BFD00637AAB /* Othello */,
				3BF9B4492A504C0000637AAB /* OthelloTests */,
				3BF9B4532A504C0000637AAB /* OthelloUITests */,
			);
		};
/* End PBXProject section */

/* Begin PBXResourcesBuildPhase section */
		3BF9B4322A504BFD00637AAB /* Resources */ = {
			isa = PBXResourcesBuildPhase;
			buildActionMask = 2147483647;
			files = (
				3BF9B4442A504C0000637AAB /* LaunchScreen.storyboard in Resources */,
				3BF9B46C2A50655400637AAB /* FieldCell.xib in Resources */,
				3BF9B4412A504C0000637AAB /* Assets.xcassets in Resources */,
				3BF9B43F2A504BFD00637AAB /* Main.storyboard in Resources */,
			);
			runOnlyForDeploymentPostprocessing = 0;
		};
		3BF9B4482A504C0000637AAB /* Resources */ = {
			isa = PBXResourcesBuildPhase;
			buildActionMask = 2147483647;
			files = (
			);
			runOnlyForDeploymentPostprocessing = 0;
		};
		3BF9B4522A504C0000637AAB /* Resources */ = {
			isa = PBXResourcesBuildPhase;
			buildActionMask = 2147483647;
			files = (
			);
			runOnlyForDeploymentPostprocessing = 0;
		};
/* End PBXResourcesBuildPhase section */

/* Begin PBXShellScriptBuildPhase section */
		734458110B3379B688FDDCE4 /* [CP] Check Pods Manifest.lock */ = {
			isa = PBXShellScriptBuildPhase;
			buildActionMask = 2147483647;
			files = (
			);
			inputFileListPaths = (
			);
			inputPaths = (
				"${PODS_PODFILE_DIR_PATH}/Podfile.lock",
				"${PODS_ROOT}/Manifest.lock",
			);
			name = "[CP] Check Pods Manifest.lock";
			outputFileListPaths = (
			);
			outputPaths = (
				"$(DERIVED_FILE_DIR)/Pods-Othello-OthelloUITests-checkManifestLockResult.txt",
			);
			runOnlyForDeploymentPostprocessing = 0;
			shellPath = /bin/sh;
			shellScript = "diff \"${PODS_PODFILE_DIR_PATH}/Podfile.lock\" \"${PODS_ROOT}/Manifest.lock\" > /dev/null\nif [ $? != 0 ] ; then\n    # print error to STDERR\n    echo \"error: The sandbox is not in sync with the Podfile.lock. Run 'pod install' or update your CocoaPods installation.\" >&2\n    exit 1\nfi\n# This output is used by Xcode 'outputs' to avoid re-running this script phase.\necho \"SUCCESS\" > \"${SCRIPT_OUTPUT_FILE_0}\"\n";
			showEnvVarsInLog = 0;
		};
		B0364D83D27D81BD1AC572A2 /* [CP] Check Pods Manifest.lock */ = {
			isa = PBXShellScriptBuildPhase;
			buildActionMask = 2147483647;
			files = (
			);
			inputFileListPaths = (
			);
			inputPaths = (
				"${PODS_PODFILE_DIR_PATH}/Podfile.lock",
				"${PODS_ROOT}/Manifest.lock",
			);
			name = "[CP] Check Pods Manifest.lock";
			outputFileListPaths = (
			);
			outputPaths = (
				"$(DERIVED_FILE_DIR)/Pods-Othello-checkManifestLockResult.txt",
			);
			runOnlyForDeploymentPostprocessing = 0;
			shellPath = /bin/sh;
			shellScript = "diff \"${PODS_PODFILE_DIR_PATH}/Podfile.lock\" \"${PODS_ROOT}/Manifest.lock\" > /dev/null\nif [ $? != 0 ] ; then\n    # print error to STDERR\n    echo \"error: The sandbox is not in sync with the Podfile.lock. Run 'pod install' or update your CocoaPods installation.\" >&2\n    exit 1\nfi\n# This output is used by Xcode 'outputs' to avoid re-running this script phase.\necho \"SUCCESS\" > \"${SCRIPT_OUTPUT_FILE_0}\"\n";
			showEnvVarsInLog = 0;
		};
		C73E97283D0BAFC59248B7AF /* [CP] Embed Pods Frameworks */ = {
			isa = PBXShellScriptBuildPhase;
			buildActionMask = 2147483647;
			files = (
			);
			inputFileListPaths = (
				"${PODS_ROOT}/Target Support Files/Pods-Othello-OthelloUITests/Pods-Othello-OthelloUITests-frameworks-${CONFIGURATION}-input-files.xcfilelist",
			);
			name = "[CP] Embed Pods Frameworks";
			outputFileListPaths = (
				"${PODS_ROOT}/Target Support Files/Pods-Othello-OthelloUITests/Pods-Othello-OthelloUITests-frameworks-${CONFIGURATION}-output-files.xcfilelist",
			);
			runOnlyForDeploymentPostprocessing = 0;
			shellPath = /bin/sh;
			shellScript = "\"${PODS_ROOT}/Target Support Files/Pods-Othello-OthelloUITests/Pods-Othello-OthelloUITests-frameworks.sh\"\n";
			showEnvVarsInLog = 0;
		};
		CD94E6FE265E37E75ACB6252 /* [CP] Embed Pods Frameworks */ = {
			isa = PBXShellScriptBuildPhase;
			buildActionMask = 2147483647;
			files = (
			);
			inputFileListPaths = (
				"${PODS_ROOT}/Target Support Files/Pods-Othello/Pods-Othello-frameworks-${CONFIGURATION}-input-files.xcfilelist",
			);
			name = "[CP] Embed Pods Frameworks";
			outputFileListPaths = (
				"${PODS_ROOT}/Target Support Files/Pods-Othello/Pods-Othello-frameworks-${CONFIGURATION}-output-files.xcfilelist",
			);
			runOnlyForDeploymentPostprocessing = 0;
			shellPath = /bin/sh;
			shellScript = "\"${PODS_ROOT}/Target Support Files/Pods-Othello/Pods-Othello-frameworks.sh\"\n";
			showEnvVarsInLog = 0;
		};
		F09D8AF0FF8DBCD19B807ED3 /* [CP] Check Pods Manifest.lock */ = {
			isa = PBXShellScriptBuildPhase;
			buildActionMask = 2147483647;
			files = (
			);
			inputFileListPaths = (
			);
			inputPaths = (
				"${PODS_PODFILE_DIR_PATH}/Podfile.lock",
				"${PODS_ROOT}/Manifest.lock",
			);
			name = "[CP] Check Pods Manifest.lock";
			outputFileListPaths = (
			);
			outputPaths = (
				"$(DERIVED_FILE_DIR)/Pods-OthelloTests-checkManifestLockResult.txt",
			);
			runOnlyForDeploymentPostprocessing = 0;
			shellPath = /bin/sh;
			shellScript = "diff \"${PODS_PODFILE_DIR_PATH}/Podfile.lock\" \"${PODS_ROOT}/Manifest.lock\" > /dev/null\nif [ $? != 0 ] ; then\n    # print error to STDERR\n    echo \"error: The sandbox is not in sync with the Podfile.lock. Run 'pod install' or update your CocoaPods installation.\" >&2\n    exit 1\nfi\n# This output is used by Xcode 'outputs' to avoid re-running this script phase.\necho \"SUCCESS\" > \"${SCRIPT_OUTPUT_FILE_0}\"\n";
			showEnvVarsInLog = 0;
		};
/* End PBXShellScriptBuildPhase section */

/* Begin PBXSourcesBuildPhase section */
		3BF9B4302A504BFD00637AAB /* Sources */ = {
			isa = PBXSourcesBuildPhase;
			buildActionMask = 2147483647;
			files = (
				3BF9B43C2A504BFD00637AAB /* FieldViewController.swift in Sources */,
				3BF9B46A2A5064F700637AAB /* FieldCell.swift in Sources */,
				3B09C7522B03F32E000BADFF /* Position.swift in Sources */,
				3B8D51A82B190131005B8FC9 /* FirstViewController.swift in Sources */,
				3BF9B4382A504BFD00637AAB /* AppDelegate.swift in Sources */,
				3BBC16902B247AD20045C8DE /* TimeSetting.swift in Sources */,
				3B09C7552B052FF2000BADFF /* ArrayExtension.swift in Sources */,
				3BF9B46E2A50688800637AAB /* FieldStatus.swift in Sources */,
				3BF9B43A2A504BFD00637AAB /* SceneDelegate.swift in Sources */,
			);
			runOnlyForDeploymentPostprocessing = 0;
		};
		3BF9B4462A504C0000637AAB /* Sources */ = {
			isa = PBXSourcesBuildPhase;
			buildActionMask = 2147483647;
			files = (
				3BF9B44F2A504C0000637AAB /* OthelloTests.swift in Sources */,
			);
			runOnlyForDeploymentPostprocessing = 0;
		};
		3BF9B4502A504C0000637AAB /* Sources */ = {
			isa = PBXSourcesBuildPhase;
			buildActionMask = 2147483647;
			files = (
				3BF9B45B2A504C0000637AAB /* OthelloUITestsLaunchTests.swift in Sources */,
				3BF9B4592A504C0000637AAB /* OthelloUITests.swift in Sources */,
			);
			runOnlyForDeploymentPostprocessing = 0;
		};
/* End PBXSourcesBuildPhase section */

/* Begin PBXTargetDependency section */
		3BF9B44C2A504C0000637AAB /* PBXTargetDependency */ = {
			isa = PBXTargetDependency;
			target = 3BF9B4332A504BFD00637AAB /* Othello */;
			targetProxy = 3BF9B44B2A504C0000637AAB /* PBXContainerItemProxy */;
		};
		3BF9B4562A504C0000637AAB /* PBXTargetDependency */ = {
			isa = PBXTargetDependency;
			target = 3BF9B4332A504BFD00637AAB /* Othello */;
			targetProxy = 3BF9B4552A504C0000637AAB /* PBXContainerItemProxy */;
		};
/* End PBXTargetDependency section */

/* Begin PBXVariantGroup section */
		3BF9B43D2A504BFD00637AAB /* Main.storyboard */ = {
			isa = PBXVariantGroup;
			children = (
				3BF9B43E2A504BFD00637AAB /* Base */,
			);
			name = Main.storyboard;
			sourceTree = "<group>";
		};
		3BF9B4422A504C0000637AAB /* LaunchScreen.storyboard */ = {
			isa = PBXVariantGroup;
			children = (
				3BF9B4432A504C0000637AAB /* Base */,
			);
			name = LaunchScreen.storyboard;
			sourceTree = "<group>";
		};
/* End PBXVariantGroup section */

/* Begin XCBuildConfiguration section */
		3BF9B45C2A504C0000637AAB /* Debug */ = {
			isa = XCBuildConfiguration;
			buildSettings = {
				ALWAYS_SEARCH_USER_PATHS = NO;
				CLANG_ANALYZER_NONNULL = YES;
				CLANG_ANALYZER_NUMBER_OBJECT_CONVERSION = YES_AGGRESSIVE;
				CLANG_CXX_LANGUAGE_STANDARD = "gnu++20";
				CLANG_ENABLE_MODULES = YES;
				CLANG_ENABLE_OBJC_ARC = YES;
				CLANG_ENABLE_OBJC_WEAK = YES;
				CLANG_WARN_BLOCK_CAPTURE_AUTORELEASING = YES;
				CLANG_WARN_BOOL_CONVERSION = YES;
				CLANG_WARN_COMMA = YES;
				CLANG_WARN_CONSTANT_CONVERSION = YES;
				CLANG_WARN_DEPRECATED_OBJC_IMPLEMENTATIONS = YES;
				CLANG_WARN_DIRECT_OBJC_ISA_USAGE = YES_ERROR;
				CLANG_WARN_DOCUMENTATION_COMMENTS = YES;
				CLANG_WARN_EMPTY_BODY = YES;
				CLANG_WARN_ENUM_CONVERSION = YES;
				CLANG_WARN_INFINITE_RECURSION = YES;
				CLANG_WARN_INT_CONVERSION = YES;
				CLANG_WARN_NON_LITERAL_NULL_CONVERSION = YES;
				CLANG_WARN_OBJC_IMPLICIT_RETAIN_SELF = YES;
				CLANG_WARN_OBJC_LITERAL_CONVERSION = YES;
				CLANG_WARN_OBJC_ROOT_CLASS = YES_ERROR;
				CLANG_WARN_QUOTED_INCLUDE_IN_FRAMEWORK_HEADER = YES;
				CLANG_WARN_RANGE_LOOP_ANALYSIS = YES;
				CLANG_WARN_STRICT_PROTOTYPES = YES;
				CLANG_WARN_SUSPICIOUS_MOVE = YES;
				CLANG_WARN_UNGUARDED_AVAILABILITY = YES_AGGRESSIVE;
				CLANG_WARN_UNREACHABLE_CODE = YES;
				CLANG_WARN__DUPLICATE_METHOD_MATCH = YES;
				COPY_PHASE_STRIP = NO;
				DEBUG_INFORMATION_FORMAT = dwarf;
				ENABLE_STRICT_OBJC_MSGSEND = YES;
				ENABLE_TESTABILITY = YES;
				GCC_C_LANGUAGE_STANDARD = gnu11;
				GCC_DYNAMIC_NO_PIC = NO;
				GCC_NO_COMMON_BLOCKS = YES;
				GCC_OPTIMIZATION_LEVEL = 0;
				GCC_PREPROCESSOR_DEFINITIONS = (
					"DEBUG=1",
					"$(inherited)",
				);
				GCC_WARN_64_TO_32_BIT_CONVERSION = YES;
				GCC_WARN_ABOUT_RETURN_TYPE = YES_ERROR;
				GCC_WARN_UNDECLARED_SELECTOR = YES;
				GCC_WARN_UNINITIALIZED_AUTOS = YES_AGGRESSIVE;
				GCC_WARN_UNUSED_FUNCTION = YES;
				GCC_WARN_UNUSED_VARIABLE = YES;
				IPHONEOS_DEPLOYMENT_TARGET = 16.2;
				MTL_ENABLE_DEBUG_INFO = INCLUDE_SOURCE;
				MTL_FAST_MATH = YES;
				ONLY_ACTIVE_ARCH = YES;
				SDKROOT = iphoneos;
				SWIFT_ACTIVE_COMPILATION_CONDITIONS = DEBUG;
				SWIFT_OPTIMIZATION_LEVEL = "-Onone";
			};
			name = Debug;
		};
		3BF9B45D2A504C0000637AAB /* Release */ = {
			isa = XCBuildConfiguration;
			buildSettings = {
				ALWAYS_SEARCH_USER_PATHS = NO;
				CLANG_ANALYZER_NONNULL = YES;
				CLANG_ANALYZER_NUMBER_OBJECT_CONVERSION = YES_AGGRESSIVE;
				CLANG_CXX_LANGUAGE_STANDARD = "gnu++20";
				CLANG_ENABLE_MODULES = YES;
				CLANG_ENABLE_OBJC_ARC = YES;
				CLANG_ENABLE_OBJC_WEAK = YES;
				CLANG_WARN_BLOCK_CAPTURE_AUTORELEASING = YES;
				CLANG_WARN_BOOL_CONVERSION = YES;
				CLANG_WARN_COMMA = YES;
				CLANG_WARN_CONSTANT_CONVERSION = YES;
				CLANG_WARN_DEPRECATED_OBJC_IMPLEMENTATIONS = YES;
				CLANG_WARN_DIRECT_OBJC_ISA_USAGE = YES_ERROR;
				CLANG_WARN_DOCUMENTATION_COMMENTS = YES;
				CLANG_WARN_EMPTY_BODY = YES;
				CLANG_WARN_ENUM_CONVERSION = YES;
				CLANG_WARN_INFINITE_RECURSION = YES;
				CLANG_WARN_INT_CONVERSION = YES;
				CLANG_WARN_NON_LITERAL_NULL_CONVERSION = YES;
				CLANG_WARN_OBJC_IMPLICIT_RETAIN_SELF = YES;
				CLANG_WARN_OBJC_LITERAL_CONVERSION = YES;
				CLANG_WARN_OBJC_ROOT_CLASS = YES_ERROR;
				CLANG_WARN_QUOTED_INCLUDE_IN_FRAMEWORK_HEADER = YES;
				CLANG_WARN_RANGE_LOOP_ANALYSIS = YES;
				CLANG_WARN_STRICT_PROTOTYPES = YES;
				CLANG_WARN_SUSPICIOUS_MOVE = YES;
				CLANG_WARN_UNGUARDED_AVAILABILITY = YES_AGGRESSIVE;
				CLANG_WARN_UNREACHABLE_CODE = YES;
				CLANG_WARN__DUPLICATE_METHOD_MATCH = YES;
				COPY_PHASE_STRIP = NO;
				DEBUG_INFORMATION_FORMAT = "dwarf-with-dsym";
				ENABLE_NS_ASSERTIONS = NO;
				ENABLE_STRICT_OBJC_MSGSEND = YES;
				GCC_C_LANGUAGE_STANDARD = gnu11;
				GCC_NO_COMMON_BLOCKS = YES;
				GCC_WARN_64_TO_32_BIT_CONVERSION = YES;
				GCC_WARN_ABOUT_RETURN_TYPE = YES_ERROR;
				GCC_WARN_UNDECLARED_SELECTOR = YES;
				GCC_WARN_UNINITIALIZED_AUTOS = YES_AGGRESSIVE;
				GCC_WARN_UNUSED_FUNCTION = YES;
				GCC_WARN_UNUSED_VARIABLE = YES;
				IPHONEOS_DEPLOYMENT_TARGET = 16.2;
				MTL_ENABLE_DEBUG_INFO = NO;
				MTL_FAST_MATH = YES;
				SDKROOT = iphoneos;
				SWIFT_COMPILATION_MODE = wholemodule;
				SWIFT_OPTIMIZATION_LEVEL = "-O";
				VALIDATE_PRODUCT = YES;
			};
			name = Release;
		};
		3BF9B45F2A504C0000637AAB /* Debug */ = {
			isa = XCBuildConfiguration;
			baseConfigurationReference = 12726BC416E9EABDC3DEF0FE /* Pods-Othello.debug.xcconfig */;
			buildSettings = {
				ASSETCATALOG_COMPILER_APPICON_NAME = AppIcon;
				ASSETCATALOG_COMPILER_GLOBAL_ACCENT_COLOR_NAME = AccentColor;
				CODE_SIGN_STYLE = Automatic;
				CURRENT_PROJECT_VERSION = 1;
				DEVELOPMENT_TEAM = 596D95CQ24;
				GENERATE_INFOPLIST_FILE = YES;
				INFOPLIST_FILE = Othello/Info.plist;
				INFOPLIST_KEY_UIApplicationSupportsIndirectInputEvents = YES;
				INFOPLIST_KEY_UILaunchStoryboardName = LaunchScreen;
				INFOPLIST_KEY_UIMainStoryboardFile = Main;
				INFOPLIST_KEY_UISupportedInterfaceOrientations = UIInterfaceOrientationPortrait;
				IPHONEOS_DEPLOYMENT_TARGET = 15.0;
				LD_RUNPATH_SEARCH_PATHS = (
					"$(inherited)",
					"@executable_path/Frameworks",
				);
				MARKETING_VERSION = 1.1;
				PRODUCT_BUNDLE_IDENTIFIER = com.kazuki.Othello;
				PRODUCT_NAME = "$(TARGET_NAME)";
				SUPPORTED_PLATFORMS = "iphoneos iphonesimulator";
				SUPPORTS_MACCATALYST = NO;
				SUPPORTS_MAC_DESIGNED_FOR_IPHONE_IPAD = NO;
				SWIFT_EMIT_LOC_STRINGS = YES;
				SWIFT_VERSION = 5.0;
				TARGETED_DEVICE_FAMILY = 1;
			};
			name = Debug;
		};
		3BF9B4602A504C0000637AAB /* Release */ = {
			isa = XCBuildConfiguration;
			baseConfigurationReference = 5103CA59988CC67E225FE55C /* Pods-Othello.release.xcconfig */;
			buildSettings = {
				ASSETCATALOG_COMPILER_APPICON_NAME = AppIcon;
				ASSETCATALOG_COMPILER_GLOBAL_ACCENT_COLOR_NAME = AccentColor;
				CODE_SIGN_STYLE = Automatic;
				CURRENT_PROJECT_VERSION = 1;
				DEVELOPMENT_TEAM = 596D95CQ24;
				GENERATE_INFOPLIST_FILE = YES;
				INFOPLIST_FILE = Othello/Info.plist;
				INFOPLIST_KEY_UIApplicationSupportsIndirectInputEvents = YES;
				INFOPLIST_KEY_UILaunchStoryboardName = LaunchScreen;
				INFOPLIST_KEY_UIMainStoryboardFile = Main;
				INFOPLIST_KEY_UISupportedInterfaceOrientations = UIInterfaceOrientationPortrait;
				IPHONEOS_DEPLOYMENT_TARGET = 15.0;
				LD_RUNPATH_SEARCH_PATHS = (
					"$(inherited)",
					"@executable_path/Frameworks",
				);
				MARKETING_VERSION = 1.1;
				PRODUCT_BUNDLE_IDENTIFIER = com.kazuki.Othello;
				PRODUCT_NAME = "$(TARGET_NAME)";
				SUPPORTED_PLATFORMS = "iphoneos iphonesimulator";
				SUPPORTS_MACCATALYST = NO;
				SUPPORTS_MAC_DESIGNED_FOR_IPHONE_IPAD = NO;
				SWIFT_EMIT_LOC_STRINGS = YES;
				SWIFT_VERSION = 5.0;
				TARGETED_DEVICE_FAMILY = 1;
			};
			name = Release;
		};
		3BF9B4622A504C0000637AAB /* Debug */ = {
			isa = XCBuildConfiguration;
			baseConfigurationReference = C98729C84D3C76FCA5073382 /* Pods-OthelloTests.debug.xcconfig */;
			buildSettings = {
				ALWAYS_EMBED_SWIFT_STANDARD_LIBRARIES = YES;
				BUNDLE_LOADER = "$(TEST_HOST)";
				CODE_SIGN_STYLE = Automatic;
				CURRENT_PROJECT_VERSION = 1;
				DEVELOPMENT_TEAM = 596D95CQ24;
				GENERATE_INFOPLIST_FILE = YES;
				IPHONEOS_DEPLOYMENT_TARGET = 16.2;
				MARKETING_VERSION = 1.1;
				PRODUCT_BUNDLE_IDENTIFIER = com.kazuki.OthelloTests;
				PRODUCT_NAME = "$(TARGET_NAME)";
				SWIFT_EMIT_LOC_STRINGS = NO;
				SWIFT_VERSION = 5.0;
				TARGETED_DEVICE_FAMILY = "1,2";
				TEST_HOST = "$(BUILT_PRODUCTS_DIR)/Othello.app/$(BUNDLE_EXECUTABLE_FOLDER_PATH)/Othello";
			};
			name = Debug;
		};
		3BF9B4632A504C0000637AAB /* Release */ = {
			isa = XCBuildConfiguration;
			baseConfigurationReference = 482BAEA8B623D7DBAEE332C8 /* Pods-OthelloTests.release.xcconfig */;
			buildSettings = {
				ALWAYS_EMBED_SWIFT_STANDARD_LIBRARIES = YES;
				BUNDLE_LOADER = "$(TEST_HOST)";
				CODE_SIGN_STYLE = Automatic;
				CURRENT_PROJECT_VERSION = 1;
				DEVELOPMENT_TEAM = 596D95CQ24;
				GENERATE_INFOPLIST_FILE = YES;
				IPHONEOS_DEPLOYMENT_TARGET = 16.2;
				MARKETING_VERSION = 1.1;
				PRODUCT_BUNDLE_IDENTIFIER = com.kazuki.OthelloTests;
				PRODUCT_NAME = "$(TARGET_NAME)";
				SWIFT_EMIT_LOC_STRINGS = NO;
				SWIFT_VERSION = 5.0;
				TARGETED_DEVICE_FAMILY = "1,2";
				TEST_HOST = "$(BUILT_PRODUCTS_DIR)/Othello.app/$(BUNDLE_EXECUTABLE_FOLDER_PATH)/Othello";
			};
			name = Release;
		};
		3BF9B4652A504C0000637AAB /* Debug */ = {
			isa = XCBuildConfiguration;
			baseConfigurationReference = 6DD979341654F61C9145EE26 /* Pods-Othello-OthelloUITests.debug.xcconfig */;
			buildSettings = {
				ALWAYS_EMBED_SWIFT_STANDARD_LIBRARIES = YES;
				CODE_SIGN_STYLE = Automatic;
				CURRENT_PROJECT_VERSION = 1;
				DEVELOPMENT_TEAM = 596D95CQ24;
				GENERATE_INFOPLIST_FILE = YES;
				MARKETING_VERSION = 1.1;
				PRODUCT_BUNDLE_IDENTIFIER = com.kazuki.OthelloUITests;
				PRODUCT_NAME = "$(TARGET_NAME)";
				SWIFT_EMIT_LOC_STRINGS = NO;
				SWIFT_VERSION = 5.0;
				TARGETED_DEVICE_FAMILY = "1,2";
				TEST_TARGET_NAME = Othello;
			};
			name = Debug;
		};
		3BF9B4662A504C0000637AAB /* Release */ = {
			isa = XCBuildConfiguration;
			baseConfigurationReference = 49BF8AAD6CB6A29EBBA92106 /* Pods-Othello-OthelloUITests.release.xcconfig */;
			buildSettings = {
				ALWAYS_EMBED_SWIFT_STANDARD_LIBRARIES = YES;
				CODE_SIGN_STYLE = Automatic;
				CURRENT_PROJECT_VERSION = 1;
				DEVELOPMENT_TEAM = 596D95CQ24;
				GENERATE_INFOPLIST_FILE = YES;
				MARKETING_VERSION = 1.1;
				PRODUCT_BUNDLE_IDENTIFIER = com.kazuki.OthelloUITests;
				PRODUCT_NAME = "$(TARGET_NAME)";
				SWIFT_EMIT_LOC_STRINGS = NO;
				SWIFT_VERSION = 5.0;
				TARGETED_DEVICE_FAMILY = "1,2";
				TEST_TARGET_NAME = Othello;
			};
			name = Release;
		};
/* End XCBuildConfiguration section */

/* Begin XCConfigurationList section */
		3BF9B42F2A504BFD00637AAB /* Build configuration list for PBXProject "Othello" */ = {
			isa = XCConfigurationList;
			buildConfigurations = (
				3BF9B45C2A504C0000637AAB /* Debug */,
				3BF9B45D2A504C0000637AAB /* Release */,
			);
			defaultConfigurationIsVisible = 0;
			defaultConfigurationName = Release;
		};
		3BF9B45E2A504C0000637AAB /* Build configuration list for PBXNativeTarget "Othello" */ = {
			isa = XCConfigurationList;
			buildConfigurations = (
				3BF9B45F2A504C0000637AAB /* Debug */,
				3BF9B4602A504C0000637AAB /* Release */,
			);
			defaultConfigurationIsVisible = 0;
			defaultConfigurationName = Release;
		};
		3BF9B4612A504C0000637AAB /* Build configuration list for PBXNativeTarget "OthelloTests" */ = {
			isa = XCConfigurationList;
			buildConfigurations = (
				3BF9B4622A504C0000637AAB /* Debug */,
				3BF9B4632A504C0000637AAB /* Release */,
			);
			defaultConfigurationIsVisible = 0;
			defaultConfigurationName = Release;
		};
		3BF9B4642A504C0000637AAB /* Build configuration list for PBXNativeTarget "OthelloUITests" */ = {
			isa = XCConfigurationList;
			buildConfigurations = (
				3BF9B4652A504C0000637AAB /* Debug */,
				3BF9B4662A504C0000637AAB /* Release */,
			);
			defaultConfigurationIsVisible = 0;
			defaultConfigurationName = Release;
		};
/* End XCConfigurationList section */
	};
	rootObject = 3BF9B42C2A504BFD00637AAB /* Project object */;
}
